{
  "requires": true,
  "lockfileVersion": 1,
  "dependencies": {
    "@algolia/cache-browser-local-storage": {
      "version": "4.3.1",
      "resolved": "https://registry.npmjs.org/@algolia/cache-browser-local-storage/-/cache-browser-local-storage-4.3.1.tgz",
      "integrity": "sha512-pNelJomUeeQS5ZagEeUti8HltrfJbqXHnZXB1fez4Ycdm7GsEQm0r6fRCfx+1/6hqQJNo5zQUSA4ZgWi8VMs4Q==",
      "requires": {
        "@algolia/cache-common": "4.3.1"
      }
    },
    "@algolia/cache-common": {
      "version": "4.3.1",
      "resolved": "https://registry.npmjs.org/@algolia/cache-common/-/cache-common-4.3.1.tgz",
      "integrity": "sha512-BgZVQKfQ3rYSKHDbEuYeIHgQ7cIqbDVUe8gPib/YI6hB2FWdt3hQyDqKslulBt65MxZ5CLSrWg8mq/qL077Bog=="
    },
    "@algolia/cache-in-memory": {
      "version": "4.3.1",
      "resolved": "https://registry.npmjs.org/@algolia/cache-in-memory/-/cache-in-memory-4.3.1.tgz",
      "integrity": "sha512-bd2Aqn8efGJpR8snjUvBJIONyQ2uqYQSbFH9rTrLPmJPMYdoTKTcVLrtpOhOlmvTTfguhqlv+zIjYdJcraeBvg==",
      "requires": {
        "@algolia/cache-common": "4.3.1"
      }
    },
    "@algolia/client-account": {
      "version": "4.3.1",
      "resolved": "https://registry.npmjs.org/@algolia/client-account/-/client-account-4.3.1.tgz",
      "integrity": "sha512-062Cxw61llvkeHS2bWghufNI0munw5fKGZBhUfDdnC7lsJpzYJwQdkdchzLqqIOXZa8k9vdLlnlKHk8f53E5fQ==",
      "requires": {
        "@algolia/client-common": "4.3.1",
        "@algolia/client-search": "4.3.1",
        "@algolia/transporter": "4.3.1"
      }
    },
    "@algolia/client-analytics": {
      "version": "4.3.1",
      "resolved": "https://registry.npmjs.org/@algolia/client-analytics/-/client-analytics-4.3.1.tgz",
      "integrity": "sha512-+/gn1z3oAh2CE0xox7/Df9SseHcOuqgm4ngSXGh1cWpldsF+gioA9HWSh/4RSydViASKu3YIk5O61zFzVTKbOA==",
      "requires": {
        "@algolia/client-common": "4.3.1",
        "@algolia/client-search": "4.3.1",
        "@algolia/requester-common": "4.3.1",
        "@algolia/transporter": "4.3.1"
      }
    },
    "@algolia/client-common": {
      "version": "4.3.1",
      "resolved": "https://registry.npmjs.org/@algolia/client-common/-/client-common-4.3.1.tgz",
      "integrity": "sha512-1dcADKy3F/gMN+s+p5yvYdF6A4L5YEY0ll4JjSHGKXvZyWLDxKjyu/ToeUuHlrutWQu9w8UT2X7urES8BZU5WQ==",
      "requires": {
        "@algolia/requester-common": "4.3.1",
        "@algolia/transporter": "4.3.1"
      }
    },
    "@algolia/client-recommendation": {
      "version": "4.3.1",
      "resolved": "https://registry.npmjs.org/@algolia/client-recommendation/-/client-recommendation-4.3.1.tgz",
      "integrity": "sha512-4WZ9Pa2waOkpqv5acom4f8XBBlrnafeEwcSK4R0msubHJpUdkvD/+rxT5Ya1/0FAGvBPhOvtOJqsauaJYKM2Dw==",
      "requires": {
        "@algolia/client-common": "4.3.1",
        "@algolia/requester-common": "4.3.1",
        "@algolia/transporter": "4.3.1"
      }
    },
    "@algolia/client-search": {
      "version": "4.3.1",
      "resolved": "https://registry.npmjs.org/@algolia/client-search/-/client-search-4.3.1.tgz",
      "integrity": "sha512-BGI8+8Gi3OELHtyXHflGz0Ms0DQLUQFu2Hs4us3L9gidyYhuvjl76x8EOOQRkXhQcWzEeqx+L2c2InTKtNfQfg==",
      "requires": {
        "@algolia/client-common": "4.3.1",
        "@algolia/requester-common": "4.3.1",
        "@algolia/transporter": "4.3.1"
      }
    },
    "@algolia/logger-common": {
      "version": "4.3.1",
      "resolved": "https://registry.npmjs.org/@algolia/logger-common/-/logger-common-4.3.1.tgz",
      "integrity": "sha512-HOY89EkxFFR0LjeqE+fqaF3EeQUAYFdVdrAXsnrWhm/OsAlXiy+vsoHL4EaJLXvTQlJRBbgNyyQv8ZPAN9JLCw=="
    },
    "@algolia/logger-console": {
      "version": "4.3.1",
      "resolved": "https://registry.npmjs.org/@algolia/logger-console/-/logger-console-4.3.1.tgz",
      "integrity": "sha512-aIJ2N++eTVLkwGFxb1AY60hxYIrNf3FgaEMkokPOAV7sPoWThITSQPj/2vruRLJsYZS2EnD8jxiETrCwSet7mw==",
      "requires": {
        "@algolia/logger-common": "4.3.1"
      }
    },
    "@algolia/requester-browser-xhr": {
      "version": "4.3.1",
      "resolved": "https://registry.npmjs.org/@algolia/requester-browser-xhr/-/requester-browser-xhr-4.3.1.tgz",
      "integrity": "sha512-aSkBWqt9IjZYzmJpP14ISO9tizjyumwAmGxnx2t/QuE3LUh/sJG2FL3Vvq44wjNk9yTPC/c1yiQA85IqeqGZ7g==",
      "requires": {
        "@algolia/requester-common": "4.3.1"
      }
    },
    "@algolia/requester-common": {
      "version": "4.3.1",
      "resolved": "https://registry.npmjs.org/@algolia/requester-common/-/requester-common-4.3.1.tgz",
      "integrity": "sha512-2lu0gOB2Rt4mn9gKDxjB8rY2IvU4usDA8bZVGl5tf/E81kRovtDZcgZjuKQ5zMyJ/xuIYXjx+ECXAxjUnNhieA=="
    },
    "@algolia/requester-node-http": {
      "version": "4.3.1",
      "resolved": "https://registry.npmjs.org/@algolia/requester-node-http/-/requester-node-http-4.3.1.tgz",
      "integrity": "sha512-CnVQ5fHJVsvOZjOIagAIWW315NwGF/spBT5o8/+9ZFTuKQTeLk8/jdj7OXKZ2+vbWkqDM1sKMFXH2jyHOlZjtQ==",
      "requires": {
        "@algolia/requester-common": "4.3.1"
      }
    },
    "@algolia/transporter": {
      "version": "4.3.1",
      "resolved": "https://registry.npmjs.org/@algolia/transporter/-/transporter-4.3.1.tgz",
      "integrity": "sha512-fbA/XHjdVoO+sp+rPVe/+oK/mCac0S6VugMycg7Etujb4+6nv3STIZxtPiC+Xppbouh5tEEOE81F1aALHXBkBQ==",
      "requires": {
        "@algolia/cache-common": "4.3.1",
        "@algolia/logger-common": "4.3.1",
        "@algolia/requester-common": "4.3.1"
      }
    },
    "algoliasearch": {
      "version": "4.3.1",
      "resolved": "https://registry.npmjs.org/algoliasearch/-/algoliasearch-4.3.1.tgz",
      "integrity": "sha512-q8aIYgdZZWOMzmvlIwxcbktVa8+M5cyI8hIrgd/NcSz/XKHfVTKdNYbnsmPqmYrssAmepx8C8vHnJrPuumUnYA==",
      "requires": {
        "@algolia/cache-browser-local-storage": "4.3.1",
        "@algolia/cache-common": "4.3.1",
        "@algolia/cache-in-memory": "4.3.1",
        "@algolia/client-account": "4.3.1",
        "@algolia/client-analytics": "4.3.1",
        "@algolia/client-common": "4.3.1",
        "@algolia/client-recommendation": "4.3.1",
        "@algolia/client-search": "4.3.1",
        "@algolia/logger-common": "4.3.1",
        "@algolia/logger-console": "4.3.1",
        "@algolia/requester-browser-xhr": "4.3.1",
        "@algolia/requester-common": "4.3.1",
        "@algolia/requester-node-http": "4.3.1",
        "@algolia/transporter": "4.3.1"
      }
    },
    "bootstrap": {
      "version": "4.5.0",
      "resolved": "https://registry.npmjs.org/bootstrap/-/bootstrap-4.5.0.tgz",
      "integrity": "sha512-Z93QoXvodoVslA+PWNdk23Hze4RBYIkpb5h8I2HY2Tu2h7A0LpAgLcyrhrSUyo2/Oxm2l1fRZPs1e5hnxnliXA=="
    }
  }
}
